
Microsoft Visual Studio Solution File, Format Version 12.00
# Visual Studio Version 16
VisualStudioVersion = 16.0.33130.400
MinimumVisualStudioVersion = 10.0.40219.1
Project("{9A19103F-16F7-4668-BE54-9A1E7A4F7556}") = "MedShare", "MedShare.csproj", "{BB70EFFA-02FF-4F69-B3B9-78054C687667}"
EndProject
Global
	GlobalSection(SolutionConfigurationPlatforms) = preSolution
		Debug|Any CPU = Debug|Any CPU
		Release|Any CPU = Release|Any CPU
	EndGlobalSection
	GlobalSection(ProjectConfigurationPlatforms) = postSolution
		{BB70EFFA-02FF-4F69-B3B9-78054C687667}.Debug|Any CPU.ActiveCfg = Debug|Any CPU
		{BB70EFFA-02FF-4F69-B3B9-78054C687667}.Debug|Any CPU.Build.0 = Debug|Any CPU
		{BB70EFFA-02FF-4F69-B3B9-78054C687667}.Release|Any CPU.ActiveCfg = Release|Any CPU
		{BB70EFFA-02FF-4F69-B3B9-78054C687667}.Release|Any CPU.Build.0 = Release|Any CPU
	EndGlobalSection
	GlobalSection(SolutionProperties) = preSolution
		HideSolutionNode = FALSE
	EndGlobalSection
	GlobalSection(ExtensibilityGlobals) = postSolution
		SolutionGuid = {1635905F-48C1-4DE2-92A1-92A255F0F451}
	EndGlobalSection
EndGlobal
